// !$*UTF8*$!
{
	archiveVersion = 1;
	classes = {
	};
	objectVersion = 46;
	objects = {

/* Begin PBXBuildFile section */
		BE19D56E151174C1009809FC /* UIKit.framework in Frameworks */ = {isa = PBXBuildFile; fileRef = BE19D56D151174C1009809FC /* UIKit.framework */; };
		BE19D570151174C1009809FC /* Foundation.framework in Frameworks */ = {isa = PBXBuildFile; fileRef = BE19D56F151174C1009809FC /* Foundation.framework */; };
		BE19D572151174C1009809FC /* CoreGraphics.framework in Frameworks */ = {isa = PBXBuildFile; fileRef = BE19D571151174C1009809FC /* CoreGraphics.framework */; };
		BE19D578151174C1009809FC /* InfoPlist.strings in Resources */ = {isa = PBXBuildFile; fileRef = BE19D576151174C1009809FC /* InfoPlist.strings */; };
		BE19D57A151174C1009809FC /* main.m in Sources */ = {isa = PBXBuildFile; fileRef = BE19D579151174C1009809FC /* main.m */; };
		BE19D57E151174C1009809FC /* WCAppDelegate.m in Sources */ = {isa = PBXBuildFile; fileRef = BE19D57D151174C1009809FC /* WCAppDelegate.m */; };
		BE19D581151174C1009809FC /* MainStoryboard.storyboard in Resources */ = {isa = PBXBuildFile; fileRef = BE19D57F151174C1009809FC /* MainStoryboard.storyboard */; };
		BE19D584151174C1009809FC /* WCViewController.m in Sources */ = {isa = PBXBuildFile; fileRef = BE19D583151174C1009809FC /* WCViewController.m */; };
		BE19D58B15117559009809FC /* MapKit.framework in Frameworks */ = {isa = PBXBuildFile; fileRef = BE19D58A15117559009809FC /* MapKit.framework */; };
		BE19D58D15117560009809FC /* CoreLocation.framework in Frameworks */ = {isa = PBXBuildFile; fileRef = BE19D58C15117560009809FC /* CoreLocation.framework */; };
		BE19D5941511798A009809FC /* DisneyLocation.m in Sources */ = {isa = PBXBuildFile; fileRef = BE19D5931511798A009809FC /* DisneyLocation.m */; };
/* End PBXBuildFile section */

/* Begin PBXFileReference section */
		BE19D569151174C1009809FC /* WillChilcuttMapKitHomework.app */ = {isa = PBXFileReference; explicitFileType = wrapper.application; includeInIndex = 0; path = WillChilcuttMapKitHomework.app; sourceTree = BUILT_PRODUCTS_DIR; };
		BE19D56D151174C1009809FC /* UIKit.framework */ = {isa = PBXFileReference; lastKnownFileType = wrapper.framework; name = UIKit.framework; path = System/Library/Frameworks/UIKit.framework; sourceTree = SDKROOT; };
		BE19D56F151174C1009809FC /* Foundation.framework */ = {isa = PBXFileReference; lastKnownFileType = wrapper.framework; name = Foundation.framework; path = System/Library/Frameworks/Foundation.framework; sourceTree = SDKROOT; };
		BE19D571151174C1009809FC /* CoreGraphics.framework */ = {isa = PBXFileReference; lastKnownFileType = wrapper.framework; name = CoreGraphics.framework; path = System/Library/Frameworks/CoreGraphics.framework; sourceTree = SDKROOT; };
		BE19D575151174C1009809FC /* WillChilcuttMapKitHomework-Info.plist */ = {isa = PBXFileReference; lastKnownFileType = text.plist.xml; path = "WillChilcuttMapKitHomework-Info.plist"; sourceTree = "<group>"; };
		BE19D577151174C1009809FC /* en */ = {isa = PBXFileReference; lastKnownFileType = text.plist.strings; name = en; path = en.lproj/InfoPlist.strings; sourceTree = "<group>"; };
		BE19D579151174C1009809FC /* main.m */ = {isa = PBXFileReference; lastKnownFileType = sourcecode.c.objc; path = main.m; sourceTree = "<group>"; };
		BE19D57B151174C1009809FC /* WillChilcuttMapKitHomework-Prefix.pch */ = {isa = PBXFileReference; lastKnownFileType = sourcecode.c.h; path = "WillChilcuttMapKitHomework-Prefix.pch"; sourceTree = "<group>"; };
		BE19D57C151174C1009809FC /* WCAppDelegate.h */ = {isa = PBXFileReference; lastKnownFileType = sourcecode.c.h; path = WCAppDelegate.h; sourceTree = "<group>"; };
		BE19D57D151174C1009809FC /* WCAppDelegate.m */ = {isa = PBXFileReference; lastKnownFileType = sourcecode.c.objc; path = WCAppDelegate.m; sourceTree = "<group>"; };
		BE19D580151174C1009809FC /* en */ = {isa = PBXFileReference; lastKnownFileType = file.storyboard; name = en; path = en.lproj/MainStoryboard.storyboard; sourceTree = "<group>"; };
		BE19D582151174C1009809FC /* WCViewController.h */ = {isa = PBXFileReference; lastKnownFileType = sourcecode.c.h; path = WCViewController.h; sourceTree = "<group>"; };
		BE19D583151174C1009809FC /* WCViewController.m */ = {isa = PBXFileReference; lastKnownFileType = sourcecode.c.objc; path = WCViewController.m; sourceTree = "<group>"; };
		BE19D58A15117559009809FC /* MapKit.framework */ = {isa = PBXFileReference; lastKnownFileType = wrapper.framework; name = MapKit.framework; path = System/Library/Frameworks/MapKit.framework; sourceTree = SDKROOT; };
		BE19D58C15117560009809FC /* CoreLocation.framework */ = {isa = PBXFileReference; lastKnownFileType = wrapper.framework; name = CoreLocation.framework; path = System/Library/Frameworks/CoreLocation.framework; sourceTree = SDKROOT; };
		BE19D5921511798A009809FC /* DisneyLocation.h */ = {isa = PBXFileReference; fileEncoding = 4; lastKnownFileType = sourcecode.c.h; path = DisneyLocation.h; sourceTree = "<group>"; };
		BE19D5931511798A009809FC /* DisneyLocation.m */ = {isa = PBXFileReference; fileEncoding = 4; lastKnownFileType = sourcecode.c.objc; path = DisneyLocation.m; sourceTree = "<group>"; };
/* End PBXFileReference section */

/* Begin PBXFrameworksBuildPhase section */
		BE19D566151174C1009809FC /* Frameworks */ = {
			isa = PBXFrameworksBuildPhase;
			buildActionMask = 2147483647;
			files = (
				BE19D58D15117560009809FC /* CoreLocation.framework in Frameworks */,
				BE19D58B15117559009809FC /* MapKit.framework in Frameworks */,
				BE19D56E151174C1009809FC /* UIKit.framework in Frameworks */,
				BE19D570151174C1009809FC /* Foundation.framework in Frameworks */,
				BE19D572151174C1009809FC /* CoreGraphics.framework in Frameworks */,
			);
			runOnlyForDeploymentPostprocessing = 0;
		};
/* End PBXFrameworksBuildPhase section */

/* Begin PBXGroup section */
		BE19D55E151174C1009809FC = {
			isa = PBXGroup;
			children = (
				BE19D58C15117560009809FC /* CoreLocation.framework */,
				BE19D58A15117559009809FC /* MapKit.framework */,
				BE19D573151174C1009809FC /* WillChilcuttMapKitHomework */,
				BE19D56C151174C1009809FC /* Frameworks */,
				BE19D56A151174C1009809FC /* Products */,
			);
			sourceTree = "<group>";
		};
		BE19D56A151174C1009809FC /* Products */ = {
			isa = PBXGroup;
			children = (
				BE19D569151174C1009809FC /* WillChilcuttMapKitHomework.app */,
			);
			name = Products;
			sourceTree = "<group>";
		};
		BE19D56C151174C1009809FC /* Frameworks */ = {
			isa = PBXGroup;
			children = (
				BE19D56D151174C1009809FC /* UIKit.framework */,
				BE19D56F151174C1009809FC /* Foundation.framework */,
				BE19D571151174C1009809FC /* CoreGraphics.framework */,
			);
			name = Frameworks;
			sourceTree = "<group>";
		};
		BE19D573151174C1009809FC /* WillChilcuttMapKitHomework */ = {
			isa = PBXGroup;
			children = (
				BE19D57C151174C1009809FC /* WCAppDelegate.h */,
				BE19D57D151174C1009809FC /* WCAppDelegate.m */,
				BE19D57F151174C1009809FC /* MainStoryboard.storyboard */,
				BE19D582151174C1009809FC /* WCViewController.h */,
				BE19D583151174C1009809FC /* WCViewController.m */,
				BE19D574151174C1009809FC /* Supporting Files */,
				BE19D5921511798A009809FC /* DisneyLocation.h */,
				BE19D5931511798A009809FC /* DisneyLocation.m */,
			);
			path = WillChilcuttMapKitHomework;
			sourceTree = "<group>";
		};
		BE19D574151174C1009809FC /* Supporting Files */ = {
			isa = PBXGroup;
			children = (
				BE19D575151174C1009809FC /* WillChilcuttMapKitHomework-Info.plist */,
				BE19D576151174C1009809FC /* InfoPlist.strings */,
				BE19D579151174C1009809FC /* main.m */,
				BE19D57B151174C1009809FC /* WillChilcuttMapKitHomework-Prefix.pch */,
			);
			name = "Supporting Files";
			sourceTree = "<group>";
		};
/* End PBXGroup section */

/* Begin PBXNativeTarget section */
		BE19D568151174C1009809FC /* WillChilcuttMapKitHomework */ = {
			isa = PBXNativeTarget;
			buildConfigurationList = BE19D587151174C1009809FC /* Build configuration list for PBXNativeTarget "WillChilcuttMapKitHomework" */;
			buildPhases = (
				BE19D565151174C1009809FC /* Sources */,
				BE19D566151174C1009809FC /* Frameworks */,
				BE19D567151174C1009809FC /* Resources */,
			);
			buildRules = (
			);
			dependencies = (
			);
			name = WillChilcuttMapKitHomework;
			productName = WillChilcuttMapKitHomework;
			productReference = BE19D569151174C1009809FC /* WillChilcuttMapKitHomework.app */;
			productType = "com.apple.product-type.application";
		};
/* End PBXNativeTarget section */

/* Begin PBXProject section */
		BE19D560151174C1009809FC /* Project object */ = {
			isa = PBXProject;
			attributes = {
				LastUpgradeCheck = 0420;
				ORGANIZATIONNAME = ETSU;
			};
			buildConfigurationList = BE19D563151174C1009809FC /* Build configuration list for PBXProject "WillChilcuttMapKitHomework" */;
			compatibilityVersion = "Xcode 3.2";
			developmentRegion = English;
			hasScannedForEncodings = 0;
			knownRegions = (
				en,
			);
			mainGroup = BE19D55E151174C1009809FC;
			productRefGroup = BE19D56A151174C1009809FC /* Products */;
			projectDirPath = "";
			projectRoot = "";
			targets = (
				BE19D568151174C1009809FC /* WillChilcuttMapKitHomework */,
			);
		};
/* End PBXProject section */

/* Begin PBXResourcesBuildPhase section */
		BE19D567151174C1009809FC /* Resources */ = {
			isa = PBXResourcesBuildPhase;
			buildActionMask = 2147483647;
			files = (
				BE19D578151174C1009809FC /* InfoPlist.strings in Resources */,
				BE19D581151174C1009809FC /* MainStoryboard.storyboard in Resources */,
			);
			runOnlyForDeploymentPostprocessing = 0;
		};
/* End PBXResourcesBuildPhase section */

/* Begin PBXSourcesBuildPhase section */
		BE19D565151174C1009809FC /* Sources */ = {
			isa = PBXSourcesBuildPhase;
			buildActionMask = 2147483647;
			files = (
				BE19D57A151174C1009809FC /* main.m in Sources */,
				BE19D57E151174C1009809FC /* WCAppDelegate.m in Sources */,
				BE19D584151174C1009809FC /* WCViewController.m in Sources */,
				BE19D5941511798A009809FC /* DisneyLocation.m in Sources */,
			);
			runOnlyForDeploymentPostprocessing = 0;
		};
/* End PBXSourcesBuildPhase section */

/* Begin PBXVariantGroup section */
		BE19D576151174C1009809FC /* InfoPlist.strings */ = {
			isa = PBXVariantGroup;
			children = (
				BE19D577151174C1009809FC /* en */,
			);
			name = InfoPlist.strings;
			sourceTree = "<group>";
		};
		BE19D57F151174C1009809FC /* MainStoryboard.storyboard */ = {
			isa = PBXVariantGroup;
			children = (
				BE19D580151174C1009809FC /* en */,
			);
			name = MainStoryboard.storyboard;
			sourceTree = "<group>";
		};
/* End PBXVariantGroup section */

/* Begin XCBuildConfiguration section */
		BE19D585151174C1009809FC /* Debug */ = {
			isa = XCBuildConfiguration;
			buildSettings = {
				ALWAYS_SEARCH_USER_PATHS = NO;
				ARCHS = "$(ARCHS_STANDARD_32_BIT)";
				CLANG_ENABLE_OBJC_ARC = YES;
				"CODE_SIGN_IDENTITY[sdk=iphoneos*]" = "iPhone Developer";
				COPY_PHASE_STRIP = NO;
				GCC_C_LANGUAGE_STANDARD = gnu99;
				GCC_DYNAMIC_NO_PIC = NO;
				GCC_OPTIMIZATION_LEVEL = 0;
				GCC_PREPROCESSOR_DEFINITIONS = (
					"DEBUG=1",
					"$(inherited)",
				);
				GCC_SYMBOLS_PRIVATE_EXTERN = NO;
				GCC_VERSION = com.apple.compilers.llvm.clang.1_0;
				GCC_WARN_ABOUT_MISSING_PROTOTYPES = YES;
				GCC_WARN_ABOUT_RETURN_TYPE = YES;
				GCC_WARN_UNUSED_VARIABLE = YES;
				IPHONEOS_DEPLOYMENT_TARGET = 5.0;
				SDKROOT = iphoneos;
			};
			name = Debug;
		};
		BE19D586151174C1009809FC /* Release */ = {
			isa = XCBuildConfiguration;
			buildSettings = {
				ALWAYS_SEARCH_USER_PATHS = NO;
				ARCHS = "$(ARCHS_STANDARD_32_BIT)";
				CLANG_ENABLE_OBJC_ARC = YES;
				"CODE_SIGN_IDENTITY[sdk=iphoneos*]" = "iPhone Developer";
				COPY_PHASE_STRIP = YES;
				GCC_C_LANGUAGE_STANDARD = gnu99;
				GCC_VERSION = com.apple.compilers.llvm.clang.1_0;
				GCC_WARN_ABOUT_MISSING_PROTOTYPES = YES;
				GCC_WARN_ABOUT_RETURN_TYPE = YES;
				GCC_WARN_UNUSED_VARIABLE = YES;
				IPHONEOS_DEPLOYMENT_TARGET = 5.0;
				OTHER_CFLAGS = "-DNS_BLOCK_ASSERTIONS=1";
				SDKROOT = iphoneos;
				VALIDATE_PRODUCT = YES;
			};
			name = Release;
		};
		BE19D588151174C1009809FC /* Debug */ = {
			isa = XCBuildConfiguration;
			buildSettings = {
				GCC_PRECOMPILE_PREFIX_HEADER = YES;
				GCC_PREFIX_HEADER = "WillChilcuttMapKitHomework/WillChilcuttMapKitHomework-Prefix.pch";
				INFOPLIST_FILE = "WillChilcuttMapKitHomework/WillChilcuttMapKitHomework-Info.plist";
				PRODUCT_NAME = "$(TARGET_NAME)";
				WRAPPER_EXTENSION = app;
			};
			name = Debug;
		};
		BE19D589151174C1009809FC /* Release */ = {
			isa = XCBuildConfiguration;
			buildSettings = {
				GCC_PRECOMPILE_PREFIX_HEADER = YES;
				GCC_PREFIX_HEADER = "WillChilcuttMapKitHomework/WillChilcuttMapKitHomework-Prefix.pch";
				INFOPLIST_FILE = "WillChilcuttMapKitHomework/WillChilcuttMapKitHomework-Info.plist";
				PRODUCT_NAME = "$(TARGET_NAME)";
				WRAPPER_EXTENSION = app;
			};
			name = Release;
		};
/* End XCBuildConfiguration section */

/* Begin XCConfigurationList section */
		BE19D563151174C1009809FC /* Build configuration list for PBXProject "WillChilcuttMapKitHomework" */ = {
			isa = XCConfigurationList;
			buildConfigurations = (
				BE19D585151174C1009809FC /* Debug */,
				BE19D586151174C1009809FC /* Release */,
			);
			defaultConfigurationIsVisible = 0;
			defaultConfigurationName = Release;
		};
		BE19D587151174C1009809FC /* Build configuration list for PBXNativeTarget "WillChilcuttMapKitHomework" */ = {
			isa = XCConfigurationList;
			buildConfigurations = (
				BE19D588151174C1009809FC /* Debug */,
				BE19D589151174C1009809FC /* Release */,
			);
			defaultConfigurationIsVisible = 0;
		};
/* End XCConfigurationList section */
	};
	rootObject = BE19D560151174C1009809FC /* Project object */;
}
